
Microsoft Visual Studio Solution File, Format Version 12.00
# Visual Studio Version 17
VisualStudioVersion = 17.7.34024.191
MinimumVisualStudioVersion = 10.0.40219.1
Project("{FAE04EC0-301F-11D3-BF4B-00C04F79EFBC}") = "Bot Quiz", "Bot Quiz.csproj", "{79456259-ED1F-46C6-9DFE-7DA1FD1C0E3A}"
EndProject
Global
	GlobalSection(SolutionConfigurationPlatforms) = preSolution
		Debug|Any CPU = Debug|Any CPU
		Release|Any CPU = Release|Any CPU
	EndGlobalSection
	GlobalSection(ProjectConfigurationPlatforms) = postSolution
		{79456259-ED1F-46C6-9DFE-7DA1FD1C0E3A}.Debug|Any CPU.ActiveCfg = Debug|Any CPU
		{79456259-ED1F-46C6-9DFE-7DA1FD1C0E3A}.Debug|Any CPU.Build.0 = Debug|Any CPU
		{79456259-ED1F-46C6-9DFE-7DA1FD1C0E3A}.Release|Any CPU.ActiveCfg = Release|Any CPU
		{79456259-ED1F-46C6-9DFE-7DA1FD1C0E3A}.Release|Any CPU.Build.0 = Release|Any CPU
	EndGlobalSection
	GlobalSection(SolutionProperties) = preSolution
		HideSolutionNode = FALSE
	EndGlobalSection
	GlobalSection(ExtensibilityGlobals) = postSolution
		SolutionGuid = {C56B36FD-CB2E-45DE-AC54-38FAF7F85F83}
	EndGlobalSection
EndGlobal
